
Microsoft Visual Studio Solution File, Format Version 12.00
# Visual Studio 14
VisualStudioVersion = 14.0.25123.0
MinimumVisualStudioVersion = 10.0.40219.1
Project("{FAE04EC0-301F-11D3-BF4B-00C04F79EFBC}") = "MODUL1_ASP_MVC_2", "MODUL1_ASP_MVC_2\MODUL1_ASP_MVC_2.csproj", "{F67C3D7D-33D9-41A8-9514-D8E11EC74E7D}"
EndProject
Global
	GlobalSection(SolutionConfigurationPlatforms) = preSolution
		Debug|Any CPU = Debug|Any CPU
		Release|Any CPU = Release|Any CPU
	EndGlobalSection
	GlobalSection(ProjectConfigurationPlatforms) = postSolution
		{F67C3D7D-33D9-41A8-9514-D8E11EC74E7D}.Debug|Any CPU.ActiveCfg = Debug|Any CPU
		{F67C3D7D-33D9-41A8-9514-D8E11EC74E7D}.Debug|Any CPU.Build.0 = Debug|Any CPU
		{F67C3D7D-33D9-41A8-9514-D8E11EC74E7D}.Release|Any CPU.ActiveCfg = Release|Any CPU
		{F67C3D7D-33D9-41A8-9514-D8E11EC74E7D}.Release|Any CPU.Build.0 = Release|Any CPU
	EndGlobalSection
	GlobalSection(SolutionProperties) = preSolution
		HideSolutionNode = FALSE
	EndGlobalSection
EndGlobal
